// !$*UTF8*$!
{
	archiveVersion = 1;
	classes = {
	};
	objectVersion = 46;
	objects = {

/* Begin PBXBuildFile section */
		8AB7B5389747EA16217CAC0C /* Pods_TwitterClient.framework in Frameworks */ = {isa = PBXBuildFile; fileRef = 951B9EC0679EDA2FF90529EA /* Pods_TwitterClient.framework */; };
		A41569621D02481600D8D4A3 /* Media.swift in Sources */ = {isa = PBXBuildFile; fileRef = A41569611D02481600D8D4A3 /* Media.swift */; };
		A456D5311D022D360077F779 /* TweetsViewController+ButtonsView.swift in Sources */ = {isa = PBXBuildFile; fileRef = A456D5301D022D360077F779 /* TweetsViewController+ButtonsView.swift */; };
		A499C9D21CFE3183003B97E2 /* AppDelegate.swift in Sources */ = {isa = PBXBuildFile; fileRef = A499C9D11CFE3183003B97E2 /* AppDelegate.swift */; };
		A499C9D91CFE3183003B97E2 /* Assets.xcassets in Resources */ = {isa = PBXBuildFile; fileRef = A499C9D81CFE3183003B97E2 /* Assets.xcassets */; };
		A499C9DC1CFE3183003B97E2 /* LaunchScreen.storyboard in Resources */ = {isa = PBXBuildFile; fileRef = A499C9DA1CFE3183003B97E2 /* LaunchScreen.storyboard */; };
		A499C9E61CFE32BD003B97E2 /* LoginViewController.swift in Sources */ = {isa = PBXBuildFile; fileRef = A499C9E41CFE32BD003B97E2 /* LoginViewController.swift */; };
		A499C9E71CFE32BD003B97E2 /* LoginViewController.xib in Resources */ = {isa = PBXBuildFile; fileRef = A499C9E51CFE32BD003B97E2 /* LoginViewController.xib */; };
		A499C9EB1CFE3D07003B97E2 /* User.swift in Sources */ = {isa = PBXBuildFile; fileRef = A499C9EA1CFE3D07003B97E2 /* User.swift */; };
		A499C9ED1CFE3D10003B97E2 /* Tweet.swift in Sources */ = {isa = PBXBuildFile; fileRef = A499C9EC1CFE3D10003B97E2 /* Tweet.swift */; };
		A499C9EF1CFE41AB003B97E2 /* TwitterClient.swift in Sources */ = {isa = PBXBuildFile; fileRef = A499C9EE1CFE41AB003B97E2 /* TwitterClient.swift */; };
		A4FB5F511CFE4D9C006ABBE5 /* TweetsViewController.swift in Sources */ = {isa = PBXBuildFile; fileRef = A4FB5F4F1CFE4D9C006ABBE5 /* TweetsViewController.swift */; };
		A4FB5F521CFE4D9C006ABBE5 /* TweetsViewController.xib in Resources */ = {isa = PBXBuildFile; fileRef = A4FB5F501CFE4D9C006ABBE5 /* TweetsViewController.xib */; };
		A4FB5F651CFE6280006ABBE5 /* TweetTableViewCell.swift in Sources */ = {isa = PBXBuildFile; fileRef = A4FB5F631CFE6280006ABBE5 /* TweetTableViewCell.swift */; };
		A4FB5F661CFE6280006ABBE5 /* TweetTableViewCell.xib in Resources */ = {isa = PBXBuildFile; fileRef = A4FB5F641CFE6280006ABBE5 /* TweetTableViewCell.xib */; };
		A4FB5F691CFF434B006ABBE5 /* TweetsViewController+UITableView.swift in Sources */ = {isa = PBXBuildFile; fileRef = A4FB5F681CFF434B006ABBE5 /* TweetsViewController+UITableView.swift */; };
		A4FB5FA11CFFA4FB006ABBE5 /* RetweetStatusView.swift in Sources */ = {isa = PBXBuildFile; fileRef = A4FB5FA01CFFA4FB006ABBE5 /* RetweetStatusView.swift */; };
		A4FB5FA51CFFAA68006ABBE5 /* RetweetStatusView.xib in Resources */ = {isa = PBXBuildFile; fileRef = A4FB5FA41CFFAA68006ABBE5 /* RetweetStatusView.xib */; };
		A4FB5FAB1D009AD7006ABBE5 /* TweetContentView.swift in Sources */ = {isa = PBXBuildFile; fileRef = A4FB5FAA1D009AD7006ABBE5 /* TweetContentView.swift */; };
		A4FB5FAD1D009AE1006ABBE5 /* TweetContentView.xib in Resources */ = {isa = PBXBuildFile; fileRef = A4FB5FAC1D009AE1006ABBE5 /* TweetContentView.xib */; };
		A4FB5FB01D00A92F006ABBE5 /* TweetDetailsViewController.swift in Sources */ = {isa = PBXBuildFile; fileRef = A4FB5FAE1D00A92F006ABBE5 /* TweetDetailsViewController.swift */; };
		A4FB5FB11D00A92F006ABBE5 /* TweetDetailsViewController.xib in Resources */ = {isa = PBXBuildFile; fileRef = A4FB5FAF1D00A92F006ABBE5 /* TweetDetailsViewController.xib */; };
		A4FB5FB41D00ADDE006ABBE5 /* NewTweetViewController.swift in Sources */ = {isa = PBXBuildFile; fileRef = A4FB5FB21D00ADDE006ABBE5 /* NewTweetViewController.swift */; };
		A4FB5FB51D00ADDE006ABBE5 /* NewTweetViewController.xib in Resources */ = {isa = PBXBuildFile; fileRef = A4FB5FB31D00ADDE006ABBE5 /* NewTweetViewController.xib */; };
		A4FB5FB71D00D434006ABBE5 /* ButtonsView.swift in Sources */ = {isa = PBXBuildFile; fileRef = A4FB5FB61D00D434006ABBE5 /* ButtonsView.swift */; };
		A4FB5FB91D00D440006ABBE5 /* ButtonsView.xib in Resources */ = {isa = PBXBuildFile; fileRef = A4FB5FB81D00D43F006ABBE5 /* ButtonsView.xib */; };
		A4FB5FBC1D00E43B006ABBE5 /* SideoutMenuViewController.swift in Sources */ = {isa = PBXBuildFile; fileRef = A4FB5FBA1D00E43B006ABBE5 /* SideoutMenuViewController.swift */; };
		A4FB5FBD1D00E43B006ABBE5 /* SideoutMenuViewController.xib in Resources */ = {isa = PBXBuildFile; fileRef = A4FB5FBB1D00E43B006ABBE5 /* SideoutMenuViewController.xib */; };
		A4FB5FC01D00E5D2006ABBE5 /* HamburgerViewController.swift in Sources */ = {isa = PBXBuildFile; fileRef = A4FB5FBE1D00E5D2006ABBE5 /* HamburgerViewController.swift */; };
		A4FB5FC11D00E5D2006ABBE5 /* HamburgerViewController.xib in Resources */ = {isa = PBXBuildFile; fileRef = A4FB5FBF1D00E5D2006ABBE5 /* HamburgerViewController.xib */; };
		A4FB5FC41D00ED4C006ABBE5 /* ProfileViewController.swift in Sources */ = {isa = PBXBuildFile; fileRef = A4FB5FC21D00ED4C006ABBE5 /* ProfileViewController.swift */; };
		A4FB5FC51D00ED4C006ABBE5 /* ProfileViewController.xib in Resources */ = {isa = PBXBuildFile; fileRef = A4FB5FC31D00ED4C006ABBE5 /* ProfileViewController.xib */; };
		A4FB5FC81D00F73B006ABBE5 /* HamburgerViewController+ContainedViewController.swift in Sources */ = {isa = PBXBuildFile; fileRef = A4FB5FC71D00F73B006ABBE5 /* HamburgerViewController+ContainedViewController.swift */; };
		A4FB5FCA1D00F864006ABBE5 /* ProfileHeaderView.swift in Sources */ = {isa = PBXBuildFile; fileRef = A4FB5FC91D00F864006ABBE5 /* ProfileHeaderView.swift */; };
		A4FB5FCC1D00F86E006ABBE5 /* ProfileHeaderView.xib in Resources */ = {isa = PBXBuildFile; fileRef = A4FB5FCB1D00F86E006ABBE5 /* ProfileHeaderView.xib */; };
		A4FB5FCE1D0101F4006ABBE5 /* TweetsViewController+TweetTableViewCell.swift in Sources */ = {isa = PBXBuildFile; fileRef = A4FB5FCD1D0101F4006ABBE5 /* TweetsViewController+TweetTableViewCell.swift */; };
/* End PBXBuildFile section */

/* Begin PBXFileReference section */
		17CF1CABBE4F29FD355AA200 /* Pods-TwitterClient.release.xcconfig */ = {isa = PBXFileReference; includeInIndex = 1; lastKnownFileType = text.xcconfig; name = "Pods-TwitterClient.release.xcconfig"; path = "Pods/Target Support Files/Pods-TwitterClient/Pods-TwitterClient.release.xcconfig"; sourceTree = "<group>"; };
		951B9EC0679EDA2FF90529EA /* Pods_TwitterClient.framework */ = {isa = PBXFileReference; explicitFileType = wrapper.framework; includeInIndex = 0; path = Pods_TwitterClient.framework; sourceTree = BUILT_PRODUCTS_DIR; };
		A41569611D02481600D8D4A3 /* Media.swift */ = {isa = PBXFileReference; fileEncoding = 4; lastKnownFileType = sourcecode.swift; path = Media.swift; sourceTree = "<group>"; };
		A456D5301D022D360077F779 /* TweetsViewController+ButtonsView.swift */ = {isa = PBXFileReference; fileEncoding = 4; lastKnownFileType = sourcecode.swift; path = "TweetsViewController+ButtonsView.swift"; sourceTree = "<group>"; };
		A499C9CE1CFE3183003B97E2 /* TwitterClient.app */ = {isa = PBXFileReference; explicitFileType = wrapper.application; includeInIndex = 0; path = TwitterClient.app; sourceTree = BUILT_PRODUCTS_DIR; };
		A499C9D11CFE3183003B97E2 /* AppDelegate.swift */ = {isa = PBXFileReference; lastKnownFileType = sourcecode.swift; path = AppDelegate.swift; sourceTree = "<group>"; };
		A499C9D81CFE3183003B97E2 /* Assets.xcassets */ = {isa = PBXFileReference; lastKnownFileType = folder.assetcatalog; path = Assets.xcassets; sourceTree = "<group>"; };
		A499C9DB1CFE3183003B97E2 /* Base */ = {isa = PBXFileReference; lastKnownFileType = file.storyboard; name = Base; path = Base.lproj/LaunchScreen.storyboard; sourceTree = "<group>"; };
		A499C9DD1CFE3183003B97E2 /* Info.plist */ = {isa = PBXFileReference; lastKnownFileType = text.plist.xml; path = Info.plist; sourceTree = "<group>"; };
		A499C9E41CFE32BD003B97E2 /* LoginViewController.swift */ = {isa = PBXFileReference; fileEncoding = 4; lastKnownFileType = sourcecode.swift; path = LoginViewController.swift; sourceTree = "<group>"; };
		A499C9E51CFE32BD003B97E2 /* LoginViewController.xib */ = {isa = PBXFileReference; fileEncoding = 4; lastKnownFileType = file.xib; path = LoginViewController.xib; sourceTree = "<group>"; };
		A499C9EA1CFE3D07003B97E2 /* User.swift */ = {isa = PBXFileReference; fileEncoding = 4; lastKnownFileType = sourcecode.swift; path = User.swift; sourceTree = "<group>"; };
		A499C9EC1CFE3D10003B97E2 /* Tweet.swift */ = {isa = PBXFileReference; fileEncoding = 4; lastKnownFileType = sourcecode.swift; path = Tweet.swift; sourceTree = "<group>"; };
		A499C9EE1CFE41AB003B97E2 /* TwitterClient.swift */ = {isa = PBXFileReference; fileEncoding = 4; lastKnownFileType = sourcecode.swift; path = TwitterClient.swift; sourceTree = "<group>"; };
		A4FB5F4F1CFE4D9C006ABBE5 /* TweetsViewController.swift */ = {isa = PBXFileReference; fileEncoding = 4; lastKnownFileType = sourcecode.swift; path = TweetsViewController.swift; sourceTree = "<group>"; };
		A4FB5F501CFE4D9C006ABBE5 /* TweetsViewController.xib */ = {isa = PBXFileReference; fileEncoding = 4; lastKnownFileType = file.xib; path = TweetsViewController.xib; sourceTree = "<group>"; };
		A4FB5F631CFE6280006ABBE5 /* TweetTableViewCell.swift */ = {isa = PBXFileReference; fileEncoding = 4; lastKnownFileType = sourcecode.swift; path = TweetTableViewCell.swift; sourceTree = "<group>"; };
		A4FB5F641CFE6280006ABBE5 /* TweetTableViewCell.xib */ = {isa = PBXFileReference; fileEncoding = 4; lastKnownFileType = file.xib; path = TweetTableViewCell.xib; sourceTree = "<group>"; };
		A4FB5F681CFF434B006ABBE5 /* TweetsViewController+UITableView.swift */ = {isa = PBXFileReference; fileEncoding = 4; lastKnownFileType = sourcecode.swift; path = "TweetsViewController+UITableView.swift"; sourceTree = "<group>"; };
		A4FB5FA01CFFA4FB006ABBE5 /* RetweetStatusView.swift */ = {isa = PBXFileReference; fileEncoding = 4; lastKnownFileType = sourcecode.swift; path = RetweetStatusView.swift; sourceTree = "<group>"; };
		A4FB5FA41CFFAA68006ABBE5 /* RetweetStatusView.xib */ = {isa = PBXFileReference; fileEncoding = 4; lastKnownFileType = file.xib; path = RetweetStatusView.xib; sourceTree = "<group>"; };
		A4FB5FAA1D009AD7006ABBE5 /* TweetContentView.swift */ = {isa = PBXFileReference; fileEncoding = 4; lastKnownFileType = sourcecode.swift; path = TweetContentView.swift; sourceTree = "<group>"; };
		A4FB5FAC1D009AE1006ABBE5 /* TweetContentView.xib */ = {isa = PBXFileReference; fileEncoding = 4; lastKnownFileType = file.xib; path = TweetContentView.xib; sourceTree = "<group>"; };
		A4FB5FAE1D00A92F006ABBE5 /* TweetDetailsViewController.swift */ = {isa = PBXFileReference; fileEncoding = 4; lastKnownFileType = sourcecode.swift; path = TweetDetailsViewController.swift; sourceTree = "<group>"; };
		A4FB5FAF1D00A92F006ABBE5 /* TweetDetailsViewController.xib */ = {isa = PBXFileReference; fileEncoding = 4; lastKnownFileType = file.xib; path = TweetDetailsViewController.xib; sourceTree = "<group>"; };
		A4FB5FB21D00ADDE006ABBE5 /* NewTweetViewController.swift */ = {isa = PBXFileReference; fileEncoding = 4; lastKnownFileType = sourcecode.swift; path = NewTweetViewController.swift; sourceTree = "<group>"; };
		A4FB5FB31D00ADDE006ABBE5 /* NewTweetViewController.xib */ = {isa = PBXFileReference; fileEncoding = 4; lastKnownFileType = file.xib; path = NewTweetViewController.xib; sourceTree = "<group>"; };
		A4FB5FB61D00D434006ABBE5 /* ButtonsView.swift */ = {isa = PBXFileReference; fileEncoding = 4; lastKnownFileType = sourcecode.swift; path = ButtonsView.swift; sourceTree = "<group>"; };
		A4FB5FB81D00D43F006ABBE5 /* ButtonsView.xib */ = {isa = PBXFileReference; fileEncoding = 4; lastKnownFileType = file.xib; path = ButtonsView.xib; sourceTree = "<group>"; };
		A4FB5FBA1D00E43B006ABBE5 /* SideoutMenuViewController.swift */ = {isa = PBXFileReference; fileEncoding = 4; lastKnownFileType = sourcecode.swift; path = SideoutMenuViewController.swift; sourceTree = "<group>"; };
		A4FB5FBB1D00E43B006ABBE5 /* SideoutMenuViewController.xib */ = {isa = PBXFileReference; fileEncoding = 4; lastKnownFileType = file.xib; path = SideoutMenuViewController.xib; sourceTree = "<group>"; };
		A4FB5FBE1D00E5D2006ABBE5 /* HamburgerViewController.swift */ = {isa = PBXFileReference; fileEncoding = 4; lastKnownFileType = sourcecode.swift; path = HamburgerViewController.swift; sourceTree = "<group>"; };
		A4FB5FBF1D00E5D2006ABBE5 /* HamburgerViewController.xib */ = {isa = PBXFileReference; fileEncoding = 4; lastKnownFileType = file.xib; path = HamburgerViewController.xib; sourceTree = "<group>"; };
		A4FB5FC21D00ED4C006ABBE5 /* ProfileViewController.swift */ = {isa = PBXFileReference; fileEncoding = 4; lastKnownFileType = sourcecode.swift; path = ProfileViewController.swift; sourceTree = "<group>"; };
		A4FB5FC31D00ED4C006ABBE5 /* ProfileViewController.xib */ = {isa = PBXFileReference; fileEncoding = 4; lastKnownFileType = file.xib; path = ProfileViewController.xib; sourceTree = "<group>"; };
		A4FB5FC71D00F73B006ABBE5 /* HamburgerViewController+ContainedViewController.swift */ = {isa = PBXFileReference; fileEncoding = 4; lastKnownFileType = sourcecode.swift; path = "HamburgerViewController+ContainedViewController.swift"; sourceTree = "<group>"; };
		A4FB5FC91D00F864006ABBE5 /* ProfileHeaderView.swift */ = {isa = PBXFileReference; fileEncoding = 4; lastKnownFileType = sourcecode.swift; path = ProfileHeaderView.swift; sourceTree = "<group>"; };
		A4FB5FCB1D00F86E006ABBE5 /* ProfileHeaderView.xib */ = {isa = PBXFileReference; fileEncoding = 4; lastKnownFileType = file.xib; path = ProfileHeaderView.xib; sourceTree = "<group>"; };
		A4FB5FCD1D0101F4006ABBE5 /* TweetsViewController+TweetTableViewCell.swift */ = {isa = PBXFileReference; fileEncoding = 4; lastKnownFileType = sourcecode.swift; path = "TweetsViewController+TweetTableViewCell.swift"; sourceTree = "<group>"; };
		A6F378958ED2DDFE5E69E8CB /* Pods-TwitterClient.debug.xcconfig */ = {isa = PBXFileReference; includeInIndex = 1; lastKnownFileType = text.xcconfig; name = "Pods-TwitterClient.debug.xcconfig"; path = "Pods/Target Support Files/Pods-TwitterClient/Pods-TwitterClient.debug.xcconfig"; sourceTree = "<group>"; };
/* End PBXFileReference section */

/* Begin PBXFrameworksBuildPhase section */
		A499C9CB1CFE3183003B97E2 /* Frameworks */ = {
			isa = PBXFrameworksBuildPhase;
			buildActionMask = 2147483647;
			files = (
				8AB7B5389747EA16217CAC0C /* Pods_TwitterClient.framework in Frameworks */,
			);
			runOnlyForDeploymentPostprocessing = 0;
		};
/* End PBXFrameworksBuildPhase section */

/* Begin PBXGroup section */
		1D2C5CDF858D7AFC84BDC1D3 /* Pods */ = {
			isa = PBXGroup;
			children = (
				A6F378958ED2DDFE5E69E8CB /* Pods-TwitterClient.debug.xcconfig */,
				17CF1CABBE4F29FD355AA200 /* Pods-TwitterClient.release.xcconfig */,
			);
			name = Pods;
			sourceTree = "<group>";
		};
		9329022D5E7F101FCEECF504 /* Frameworks */ = {
			isa = PBXGroup;
			children = (
				951B9EC0679EDA2FF90529EA /* Pods_TwitterClient.framework */,
			);
			name = Frameworks;
			sourceTree = "<group>";
		};
		A499C9C51CFE3183003B97E2 = {
			isa = PBXGroup;
			children = (
				A499C9D01CFE3183003B97E2 /* TwitterClient */,
				A499C9CF1CFE3183003B97E2 /* Products */,
				1D2C5CDF858D7AFC84BDC1D3 /* Pods */,
				9329022D5E7F101FCEECF504 /* Frameworks */,
			);
			sourceTree = "<group>";
		};
		A499C9CF1CFE3183003B97E2 /* Products */ = {
			isa = PBXGroup;
			children = (
				A499C9CE1CFE3183003B97E2 /* TwitterClient.app */,
			);
			name = Products;
			sourceTree = "<group>";
		};
		A499C9D01CFE3183003B97E2 /* TwitterClient */ = {
			isa = PBXGroup;
			children = (
				A4FB5F531CFE5ACC006ABBE5 /* Views */,
				A499C9E91CFE3CE7003B97E2 /* API */,
				A499C9E81CFE3CDC003B97E2 /* Models */,
				A499C9E31CFE32AC003B97E2 /* ViewControllers */,
				A499C9D11CFE3183003B97E2 /* AppDelegate.swift */,
				A499C9D81CFE3183003B97E2 /* Assets.xcassets */,
				A499C9DA1CFE3183003B97E2 /* LaunchScreen.storyboard */,
				A499C9DD1CFE3183003B97E2 /* Info.plist */,
			);
			path = TwitterClient;
			sourceTree = "<group>";
		};
		A499C9E31CFE32AC003B97E2 /* ViewControllers */ = {
			isa = PBXGroup;
			children = (
				A4FB5FC61D00F721006ABBE5 /* HamburgerViewControllerExtensions */,
				A4FB5F671CFF4338006ABBE5 /* TweetsViewControllerExtensions */,
				A499C9E41CFE32BD003B97E2 /* LoginViewController.swift */,
				A499C9E51CFE32BD003B97E2 /* LoginViewController.xib */,
				A4FB5F4F1CFE4D9C006ABBE5 /* TweetsViewController.swift */,
				A4FB5F501CFE4D9C006ABBE5 /* TweetsViewController.xib */,
				A4FB5FAE1D00A92F006ABBE5 /* TweetDetailsViewController.swift */,
				A4FB5FAF1D00A92F006ABBE5 /* TweetDetailsViewController.xib */,
				A4FB5FB21D00ADDE006ABBE5 /* NewTweetViewController.swift */,
				A4FB5FB31D00ADDE006ABBE5 /* NewTweetViewController.xib */,
				A4FB5FBA1D00E43B006ABBE5 /* SideoutMenuViewController.swift */,
				A4FB5FBB1D00E43B006ABBE5 /* SideoutMenuViewController.xib */,
				A4FB5FBE1D00E5D2006ABBE5 /* HamburgerViewController.swift */,
				A4FB5FBF1D00E5D2006ABBE5 /* HamburgerViewController.xib */,
				A4FB5FC21D00ED4C006ABBE5 /* ProfileViewController.swift */,
				A4FB5FC31D00ED4C006ABBE5 /* ProfileViewController.xib */,
			);
			name = ViewControllers;
			sourceTree = "<group>";
		};
		A499C9E81CFE3CDC003B97E2 /* Models */ = {
			isa = PBXGroup;
			children = (
				A499C9EA1CFE3D07003B97E2 /* User.swift */,
				A499C9EC1CFE3D10003B97E2 /* Tweet.swift */,
				A41569611D02481600D8D4A3 /* Media.swift */,
			);
			name = Models;
			sourceTree = "<group>";
		};
		A499C9E91CFE3CE7003B97E2 /* API */ = {
			isa = PBXGroup;
			children = (
				A499C9EE1CFE41AB003B97E2 /* TwitterClient.swift */,
			);
			name = API;
			sourceTree = "<group>";
		};
		A4FB5F531CFE5ACC006ABBE5 /* Views */ = {
			isa = PBXGroup;
			children = (
				A4FB5F631CFE6280006ABBE5 /* TweetTableViewCell.swift */,
				A4FB5F641CFE6280006ABBE5 /* TweetTableViewCell.xib */,
				A4FB5FA01CFFA4FB006ABBE5 /* RetweetStatusView.swift */,
				A4FB5FA41CFFAA68006ABBE5 /* RetweetStatusView.xib */,
				A4FB5FAA1D009AD7006ABBE5 /* TweetContentView.swift */,
				A4FB5FAC1D009AE1006ABBE5 /* TweetContentView.xib */,
				A4FB5FB61D00D434006ABBE5 /* ButtonsView.swift */,
				A4FB5FB81D00D43F006ABBE5 /* ButtonsView.xib */,
				A4FB5FC91D00F864006ABBE5 /* ProfileHeaderView.swift */,
				A4FB5FCB1D00F86E006ABBE5 /* ProfileHeaderView.xib */,
			);
			name = Views;
			sourceTree = "<group>";
		};
		A4FB5F671CFF4338006ABBE5 /* TweetsViewControllerExtensions */ = {
			isa = PBXGroup;
			children = (
				A4FB5F681CFF434B006ABBE5 /* TweetsViewController+UITableView.swift */,
				A4FB5FCD1D0101F4006ABBE5 /* TweetsViewController+TweetTableViewCell.swift */,
				A456D5301D022D360077F779 /* TweetsViewController+ButtonsView.swift */,
			);
			name = TweetsViewControllerExtensions;
			sourceTree = "<group>";
		};
		A4FB5FC61D00F721006ABBE5 /* HamburgerViewControllerExtensions */ = {
			isa = PBXGroup;
			children = (
				A4FB5FC71D00F73B006ABBE5 /* HamburgerViewController+ContainedViewController.swift */,
			);
			name = HamburgerViewControllerExtensions;
			sourceTree = "<group>";
		};
/* End PBXGroup section */

/* Begin PBXNativeTarget section */
		A499C9CD1CFE3183003B97E2 /* TwitterClient */ = {
			isa = PBXNativeTarget;
			buildConfigurationList = A499C9E01CFE3183003B97E2 /* Build configuration list for PBXNativeTarget "TwitterClient" */;
			buildPhases = (
				9505D825E03154160DE1134C /* 📦 Check Pods Manifest.lock */,
				A499C9CA1CFE3183003B97E2 /* Sources */,
				A499C9CB1CFE3183003B97E2 /* Frameworks */,
				A499C9CC1CFE3183003B97E2 /* Resources */,
				375CC3FEE60F776C06992C46 /* 📦 Embed Pods Frameworks */,
				95F9D4B4BCE9821C0EFE66B2 /* 📦 Copy Pods Resources */,
			);
			buildRules = (
			);
			dependencies = (
			);
			name = TwitterClient;
			productName = TwitterClient;
			productReference = A499C9CE1CFE3183003B97E2 /* TwitterClient.app */;
			productType = "com.apple.product-type.application";
		};
/* End PBXNativeTarget section */

/* Begin PBXProject section */
		A499C9C61CFE3183003B97E2 /* Project object */ = {
			isa = PBXProject;
			attributes = {
				LastSwiftUpdateCheck = 0730;
				LastUpgradeCheck = 0730;
				ORGANIZATIONNAME = randy_zhao;
				TargetAttributes = {
					A499C9CD1CFE3183003B97E2 = {
						CreatedOnToolsVersion = 7.3.1;
						DevelopmentTeam = EH88U8TTBG;
					};
				};
			};
			buildConfigurationList = A499C9C91CFE3183003B97E2 /* Build configuration list for PBXProject "TwitterClient" */;
			compatibilityVersion = "Xcode 3.2";
			developmentRegion = English;
			hasScannedForEncodings = 0;
			knownRegions = (
				en,
				Base,
			);
			mainGroup = A499C9C51CFE3183003B97E2;
			productRefGroup = A499C9CF1CFE3183003B97E2 /* Products */;
			projectDirPath = "";
			projectRoot = "";
			targets = (
				A499C9CD1CFE3183003B97E2 /* TwitterClient */,
			);
		};
/* End PBXProject section */

/* Begin PBXResourcesBuildPhase section */
		A499C9CC1CFE3183003B97E2 /* Resources */ = {
			isa = PBXResourcesBuildPhase;
			buildActionMask = 2147483647;
			files = (
				A4FB5F661CFE6280006ABBE5 /* TweetTableViewCell.xib in Resources */,
				A4FB5FA51CFFAA68006ABBE5 /* RetweetStatusView.xib in Resources */,
				A4FB5FBD1D00E43B006ABBE5 /* SideoutMenuViewController.xib in Resources */,
				A4FB5FC51D00ED4C006ABBE5 /* ProfileViewController.xib in Resources */,
				A4FB5FB91D00D440006ABBE5 /* ButtonsView.xib in Resources */,
				A4FB5FCC1D00F86E006ABBE5 /* ProfileHeaderView.xib in Resources */,
				A4FB5FC11D00E5D2006ABBE5 /* HamburgerViewController.xib in Resources */,
				A4FB5F521CFE4D9C006ABBE5 /* TweetsViewController.xib in Resources */,
				A4FB5FB51D00ADDE006ABBE5 /* NewTweetViewController.xib in Resources */,
				A499C9DC1CFE3183003B97E2 /* LaunchScreen.storyboard in Resources */,
				A4FB5FAD1D009AE1006ABBE5 /* TweetContentView.xib in Resources */,
				A4FB5FB11D00A92F006ABBE5 /* TweetDetailsViewController.xib in Resources */,
				A499C9D91CFE3183003B97E2 /* Assets.xcassets in Resources */,
				A499C9E71CFE32BD003B97E2 /* LoginViewController.xib in Resources */,
			);
			runOnlyForDeploymentPostprocessing = 0;
		};
/* End PBXResourcesBuildPhase section */

/* Begin PBXShellScriptBuildPhase section */
		375CC3FEE60F776C06992C46 /* 📦 Embed Pods Frameworks */ = {
			isa = PBXShellScriptBuildPhase;
			buildActionMask = 2147483647;
			files = (
			);
			inputPaths = (
			);
			name = "📦 Embed Pods Frameworks";
			outputPaths = (
			);
			runOnlyForDeploymentPostprocessing = 0;
			shellPath = /bin/sh;
			shellScript = "\"${SRCROOT}/Pods/Target Support Files/Pods-TwitterClient/Pods-TwitterClient-frameworks.sh\"\n";
			showEnvVarsInLog = 0;
		};
		9505D825E03154160DE1134C /* 📦 Check Pods Manifest.lock */ = {
			isa = PBXShellScriptBuildPhase;
			buildActionMask = 2147483647;
			files = (
			);
			inputPaths = (
			);
			name = "📦 Check Pods Manifest.lock";
			outputPaths = (
			);
			runOnlyForDeploymentPostprocessing = 0;
			shellPath = /bin/sh;
			shellScript = "diff \"${PODS_ROOT}/../Podfile.lock\" \"${PODS_ROOT}/Manifest.lock\" > /dev/null\nif [[ $? != 0 ]] ; then\n    cat << EOM\nerror: The sandbox is not in sync with the Podfile.lock. Run 'pod install' or update your CocoaPods installation.\nEOM\n    exit 1\nfi\n";
			showEnvVarsInLog = 0;
		};
		95F9D4B4BCE9821C0EFE66B2 /* 📦 Copy Pods Resources */ = {
			isa = PBXShellScriptBuildPhase;
			buildActionMask = 2147483647;
			files = (
			);
			inputPaths = (
			);
			name = "📦 Copy Pods Resources";
			outputPaths = (
			);
			runOnlyForDeploymentPostprocessing = 0;
			shellPath = /bin/sh;
			shellScript = "\"${SRCROOT}/Pods/Target Support Files/Pods-TwitterClient/Pods-TwitterClient-resources.sh\"\n";
			showEnvVarsInLog = 0;
		};
/* End PBXShellScriptBuildPhase section */

/* Begin PBXSourcesBuildPhase section */
		A499C9CA1CFE3183003B97E2 /* Sources */ = {
			isa = PBXSourcesBuildPhase;
			buildActionMask = 2147483647;
			files = (
				A499C9EF1CFE41AB003B97E2 /* TwitterClient.swift in Sources */,
				A4FB5FB41D00ADDE006ABBE5 /* NewTweetViewController.swift in Sources */,
				A41569621D02481600D8D4A3 /* Media.swift in Sources */,
				A499C9E61CFE32BD003B97E2 /* LoginViewController.swift in Sources */,
				A4FB5FC01D00E5D2006ABBE5 /* HamburgerViewController.swift in Sources */,
				A4FB5F511CFE4D9C006ABBE5 /* TweetsViewController.swift in Sources */,
				A456D5311D022D360077F779 /* TweetsViewController+ButtonsView.swift in Sources */,
				A4FB5F691CFF434B006ABBE5 /* TweetsViewController+UITableView.swift in Sources */,
				A4FB5FC81D00F73B006ABBE5 /* HamburgerViewController+ContainedViewController.swift in Sources */,
				A4FB5FC41D00ED4C006ABBE5 /* ProfileViewController.swift in Sources */,
				A4FB5FB01D00A92F006ABBE5 /* TweetDetailsViewController.swift in Sources */,
				A4FB5FB71D00D434006ABBE5 /* ButtonsView.swift in Sources */,
				A4FB5FA11CFFA4FB006ABBE5 /* RetweetStatusView.swift in Sources */,
				A499C9D21CFE3183003B97E2 /* AppDelegate.swift in Sources */,
				A4FB5FAB1D009AD7006ABBE5 /* TweetContentView.swift in Sources */,
				A4FB5FCA1D00F864006ABBE5 /* ProfileHeaderView.swift in Sources */,
				A499C9EB1CFE3D07003B97E2 /* User.swift in Sources */,
				A499C9ED1CFE3D10003B97E2 /* Tweet.swift in Sources */,
				A4FB5F651CFE6280006ABBE5 /* TweetTableViewCell.swift in Sources */,
				A4FB5FBC1D00E43B006ABBE5 /* SideoutMenuViewController.swift in Sources */,
				A4FB5FCE1D0101F4006ABBE5 /* TweetsViewController+TweetTableViewCell.swift in Sources */,
			);
			runOnlyForDeploymentPostprocessing = 0;
		};
/* End PBXSourcesBuildPhase section */

/* Begin PBXVariantGroup section */
		A499C9DA1CFE3183003B97E2 /* LaunchScreen.storyboard */ = {
			isa = PBXVariantGroup;
			children = (
				A499C9DB1CFE3183003B97E2 /* Base */,
			);
			name = LaunchScreen.storyboard;
			sourceTree = "<group>";
		};
/* End PBXVariantGroup section */

/* Begin XCBuildConfiguration section */
		A499C9DE1CFE3183003B97E2 /* Debug */ = {
			isa = XCBuildConfiguration;
			buildSettings = {
				ALWAYS_SEARCH_USER_PATHS = NO;
				CLANG_ANALYZER_NONNULL = YES;
				CLANG_CXX_LANGUAGE_STANDARD = "gnu++0x";
				CLANG_CXX_LIBRARY = "libc++";
				CLANG_ENABLE_MODULES = YES;
				CLANG_ENABLE_OBJC_ARC = YES;
				CLANG_WARN_BOOL_CONVERSION = YES;
				CLANG_WARN_CONSTANT_CONVERSION = YES;
				CLANG_WARN_DIRECT_OBJC_ISA_USAGE = YES_ERROR;
				CLANG_WARN_EMPTY_BODY = YES;
				CLANG_WARN_ENUM_CONVERSION = YES;
				CLANG_WARN_INT_CONVERSION = YES;
				CLANG_WARN_OBJC_ROOT_CLASS = YES_ERROR;
				CLANG_WARN_UNREACHABLE_CODE = YES;
				CLANG_WARN__DUPLICATE_METHOD_MATCH = YES;
				"CODE_SIGN_IDENTITY[sdk=iphoneos*]" = "iPhone Developer";
				COPY_PHASE_STRIP = NO;
				DEBUG_INFORMATION_FORMAT = dwarf;
				ENABLE_STRICT_OBJC_MSGSEND = YES;
				ENABLE_TESTABILITY = YES;
				GCC_C_LANGUAGE_STANDARD = gnu99;
				GCC_DYNAMIC_NO_PIC = NO;
				GCC_NO_COMMON_BLOCKS = YES;
				GCC_OPTIMIZATION_LEVEL = 0;
				GCC_PREPROCESSOR_DEFINITIONS = (
					"DEBUG=1",
					"$(inherited)",
				);
				GCC_WARN_64_TO_32_BIT_CONVERSION = YES;
				GCC_WARN_ABOUT_RETURN_TYPE = YES_ERROR;
				GCC_WARN_UNDECLARED_SELECTOR = YES;
				GCC_WARN_UNINITIALIZED_AUTOS = YES_AGGRESSIVE;
				GCC_WARN_UNUSED_FUNCTION = YES;
				GCC_WARN_UNUSED_VARIABLE = YES;
				IPHONEOS_DEPLOYMENT_TARGET = 9.3;
				MTL_ENABLE_DEBUG_INFO = YES;
				ONLY_ACTIVE_ARCH = YES;
				SDKROOT = iphoneos;
				SWIFT_OPTIMIZATION_LEVEL = "-Onone";
				TARGETED_DEVICE_FAMILY = "1,2";
			};
			name = Debug;
		};
		A499C9DF1CFE3183003B97E2 /* Release */ = {
			isa = XCBuildConfiguration;
			buildSettings = {
				ALWAYS_SEARCH_USER_PATHS = NO;
				CLANG_ANALYZER_NONNULL = YES;
				CLANG_CXX_LANGUAGE_STANDARD = "gnu++0x";
				CLANG_CXX_LIBRARY = "libc++";
				CLANG_ENABLE_MODULES = YES;
				CLANG_ENABLE_OBJC_ARC = YES;
				CLANG_WARN_BOOL_CONVERSION = YES;
				CLANG_WARN_CONSTANT_CONVERSION = YES;
				CLANG_WARN_DIRECT_OBJC_ISA_USAGE = YES_ERROR;
				CLANG_WARN_EMPTY_BODY = YES;
				CLANG_WARN_ENUM_CONVERSION = YES;
				CLANG_WARN_INT_CONVERSION = YES;
				CLANG_WARN_OBJC_ROOT_CLASS = YES_ERROR;
				CLANG_WARN_UNREACHABLE_CODE = YES;
				CLANG_WARN__DUPLICATE_METHOD_MATCH = YES;
				"CODE_SIGN_IDENTITY[sdk=iphoneos*]" = "iPhone Developer";
				COPY_PHASE_STRIP = NO;
				DEBUG_INFORMATION_FORMAT = "dwarf-with-dsym";
				ENABLE_NS_ASSERTIONS = NO;
				ENABLE_STRICT_OBJC_MSGSEND = YES;
				GCC_C_LANGUAGE_STANDARD = gnu99;
				GCC_NO_COMMON_BLOCKS = YES;
				GCC_WARN_64_TO_32_BIT_CONVERSION = YES;
				GCC_WARN_ABOUT_RETURN_TYPE = YES_ERROR;
				GCC_WARN_UNDECLARED_SELECTOR = YES;
				GCC_WARN_UNINITIALIZED_AUTOS = YES_AGGRESSIVE;
				GCC_WARN_UNUSED_FUNCTION = YES;
				GCC_WARN_UNUSED_VARIABLE = YES;
				IPHONEOS_DEPLOYMENT_TARGET = 9.3;
				MTL_ENABLE_DEBUG_INFO = NO;
				SDKROOT = iphoneos;
				TARGETED_DEVICE_FAMILY = "1,2";
				VALIDATE_PRODUCT = YES;
			};
			name = Release;
		};
		A499C9E11CFE3183003B97E2 /* Debug */ = {
			isa = XCBuildConfiguration;
			baseConfigurationReference = A6F378958ED2DDFE5E69E8CB /* Pods-TwitterClient.debug.xcconfig */;
			buildSettings = {
				ASSETCATALOG_COMPILER_APPICON_NAME = AppIcon;
				CODE_SIGN_IDENTITY = "iPhone Developer";
				"CODE_SIGN_IDENTITY[sdk=iphoneos*]" = "iPhone Developer";
				INFOPLIST_FILE = TwitterClient/Info.plist;
				LD_RUNPATH_SEARCH_PATHS = "$(inherited) @executable_path/Frameworks";
				PRODUCT_BUNDLE_IDENTIFIER = "com.randy-zhao.TwitterClient";
				PRODUCT_NAME = "$(TARGET_NAME)";
				PROVISIONING_PROFILE = "";
			};
			name = Debug;
		};
		A499C9E21CFE3183003B97E2 /* Release */ = {
			isa = XCBuildConfiguration;
			baseConfigurationReference = 17CF1CABBE4F29FD355AA200 /* Pods-TwitterClient.release.xcconfig */;
			buildSettings = {
				ASSETCATALOG_COMPILER_APPICON_NAME = AppIcon;
				CODE_SIGN_IDENTITY = "iPhone Developer";
				"CODE_SIGN_IDENTITY[sdk=iphoneos*]" = "iPhone Developer";
				INFOPLIST_FILE = TwitterClient/Info.plist;
				LD_RUNPATH_SEARCH_PATHS = "$(inherited) @executable_path/Frameworks";
				PRODUCT_BUNDLE_IDENTIFIER = "com.randy-zhao.TwitterClient";
				PRODUCT_NAME = "$(TARGET_NAME)";
				PROVISIONING_PROFILE = "";
			};
			name = Release;
		};
/* End XCBuildConfiguration section */

/* Begin XCConfigurationList section */
		A499C9C91CFE3183003B97E2 /* Build configuration list for PBXProject "TwitterClient" */ = {
			isa = XCConfigurationList;
			buildConfigurations = (
				A499C9DE1CFE3183003B97E2 /* Debug */,
				A499C9DF1CFE3183003B97E2 /* Release */,
			);
			defaultConfigurationIsVisible = 0;
			defaultConfigurationName = Release;
		};
		A499C9E01CFE3183003B97E2 /* Build configuration list for PBXNativeTarget "TwitterClient" */ = {
			isa = XCConfigurationList;
			buildConfigurations = (
				A499C9E11CFE3183003B97E2 /* Debug */,
				A499C9E21CFE3183003B97E2 /* Release */,
			);
			defaultConfigurationIsVisible = 0;
			defaultConfigurationName = Release;
		};
/* End XCConfigurationList section */
	};
	rootObject = A499C9C61CFE3183003B97E2 /* Project object */;
}
